
Microsoft Visual Studio Solution File, Format Version 12.00
# Visual Studio Version 17
VisualStudioVersion = 17.2.32630.192
MinimumVisualStudioVersion = 10.0.40219.1
Project("{9A19103F-16F7-4668-BE54-9A1E7A4F7556}") = "LunchTime", "LunchTime\LunchTime.csproj", "{DBC15A0B-ED58-41DB-A3F7-0C42A99FF953}"
EndProject
Project("{FAE04EC0-301F-11D3-BF4B-00C04F79EFBC}") = "AspnetCore.Unpoly", "AspnetCore.Unpoly\AspnetCore.Unpoly.csproj", "{2F53B6B4-F6CF-4F1A-8D6B-A7CB02465895}"
EndProject
Global
	GlobalSection(SolutionConfigurationPlatforms) = preSolution
		Debug|Any CPU = Debug|Any CPU
		Release|Any CPU = Release|Any CPU
	EndGlobalSection
	GlobalSection(ProjectConfigurationPlatforms) = postSolution
		{DBC15A0B-ED58-41DB-A3F7-0C42A99FF953}.Debug|Any CPU.ActiveCfg = Debug|Any CPU
		{DBC15A0B-ED58-41DB-A3F7-0C42A99FF953}.Debug|Any CPU.Build.0 = Debug|Any CPU
		{DBC15A0B-ED58-41DB-A3F7-0C42A99FF953}.Release|Any CPU.ActiveCfg = Release|Any CPU
		{DBC15A0B-ED58-41DB-A3F7-0C42A99FF953}.Release|Any CPU.Build.0 = Release|Any CPU
		{2F53B6B4-F6CF-4F1A-8D6B-A7CB02465895}.Debug|Any CPU.ActiveCfg = Debug|Any CPU
		{2F53B6B4-F6CF-4F1A-8D6B-A7CB02465895}.Debug|Any CPU.Build.0 = Debug|Any CPU
		{2F53B6B4-F6CF-4F1A-8D6B-A7CB02465895}.Release|Any CPU.ActiveCfg = Release|Any CPU
		{2F53B6B4-F6CF-4F1A-8D6B-A7CB02465895}.Release|Any CPU.Build.0 = Release|Any CPU
	EndGlobalSection
	GlobalSection(SolutionProperties) = preSolution
		HideSolutionNode = FALSE
	EndGlobalSection
	GlobalSection(ExtensibilityGlobals) = postSolution
		SolutionGuid = {1AA5ADFF-EE6A-4958-B676-45EF8A517913}
	EndGlobalSection
EndGlobal
